
Microsoft Visual Studio Solution File, Format Version 12.00
# Visual Studio Version 17
VisualStudioVersion = 17.5.33516.290
MinimumVisualStudioVersion = 10.0.40219.1
Project("{FAE04EC0-301F-11D3-BF4B-00C04F79EFBC}") = "method overriding", "method overriding\method overriding.csproj", "{FD1A25ED-AC30-45AB-AAE9-4E50AC962BF9}"
EndProject
Global
	GlobalSection(SolutionConfigurationPlatforms) = preSolution
		Debug|Any CPU = Debug|Any CPU
		Release|Any CPU = Release|Any CPU
	EndGlobalSection
	GlobalSection(ProjectConfigurationPlatforms) = postSolution
		{FD1A25ED-AC30-45AB-AAE9-4E50AC962BF9}.Debug|Any CPU.ActiveCfg = Debug|Any CPU
		{FD1A25ED-AC30-45AB-AAE9-4E50AC962BF9}.Debug|Any CPU.Build.0 = Debug|Any CPU
		{FD1A25ED-AC30-45AB-AAE9-4E50AC962BF9}.Release|Any CPU.ActiveCfg = Release|Any CPU
		{FD1A25ED-AC30-45AB-AAE9-4E50AC962BF9}.Release|Any CPU.Build.0 = Release|Any CPU
	EndGlobalSection
	GlobalSection(SolutionProperties) = preSolution
		HideSolutionNode = FALSE
	EndGlobalSection
	GlobalSection(ExtensibilityGlobals) = postSolution
		SolutionGuid = {BFD7F7D1-5713-4578-ADDC-98C591352C04}
	EndGlobalSection
EndGlobal
